
Microsoft Visual Studio Solution File, Format Version 12.00
# Visual Studio Version 17
VisualStudioVersion = 17.0.31919.166
MinimumVisualStudioVersion = 10.0.40219.1
Project("{9A19103F-16F7-4668-BE54-9A1E7A4F7556}") = "Build", "Build\Build.csproj", "{B2DF5D4F-4971-4170-848F-FBF978CB4C6E}"
EndProject
Project("{9A19103F-16F7-4668-BE54-9A1E7A4F7556}") = "Installer", "Installer\Installer.csproj", "{D20D7F25-D00A-4341-8E77-0017142B6BA7}"
EndProject
Project("{2150E333-8FDC-42A3-9474-1A3956D46DE8}") = "Solution Items", "Solution Items", "{B908C484-0E9C-46A6-AF0B-A6228D17C641}"
	ProjectSection(SolutionItems) = preProject
		Build\Build.Configuration.cs = Build\Build.Configuration.cs
		Readme.md = Readme.md
	EndProjectSection
EndProject
Project("{9A19103F-16F7-4668-BE54-9A1E7A4F7556}") = "CreateStair", "..\GetDiameterInRevitDesign\CreateStair.csproj", "{2D24C03E-D2DB-4939-BFA0-417261597962}"
EndProject
Global
	GlobalSection(SolutionConfigurationPlatforms) = preSolution
		Debug R18|Any CPU = Debug R18|Any CPU
		Debug R19|Any CPU = Debug R19|Any CPU
		Debug R20|Any CPU = Debug R20|Any CPU
		Debug R21|Any CPU = Debug R21|Any CPU
		Debug R22|Any CPU = Debug R22|Any CPU
		Debug R23|Any CPU = Debug R23|Any CPU
		Debug R24|Any CPU = Debug R24|Any CPU
		Debug R25|Any CPU = Debug R25|Any CPU
		Debug|Any CPU = Debug|Any CPU
		Installer|Any CPU = Installer|Any CPU
		Release R18|Any CPU = Release R18|Any CPU
		Release R19|Any CPU = Release R19|Any CPU
		Release R20|Any CPU = Release R20|Any CPU
		Release R21|Any CPU = Release R21|Any CPU
		Release R22|Any CPU = Release R22|Any CPU
		Release R23|Any CPU = Release R23|Any CPU
		Release R24|Any CPU = Release R24|Any CPU
		Release R25|Any CPU = Release R25|Any CPU
		Release|Any CPU = Release|Any CPU
	EndGlobalSection
	GlobalSection(ProjectConfigurationPlatforms) = postSolution
		{B2DF5D4F-4971-4170-848F-FBF978CB4C6E}.Debug R18|Any CPU.ActiveCfg = Debug|Any CPU
		{B2DF5D4F-4971-4170-848F-FBF978CB4C6E}.Debug R18|Any CPU.Build.0 = Debug|Any CPU
		{B2DF5D4F-4971-4170-848F-FBF978CB4C6E}.Debug R19|Any CPU.ActiveCfg = Debug|Any CPU
		{B2DF5D4F-4971-4170-848F-FBF978CB4C6E}.Debug R19|Any CPU.Build.0 = Debug|Any CPU
		{B2DF5D4F-4971-4170-848F-FBF978CB4C6E}.Debug R20|Any CPU.ActiveCfg = Debug|Any CPU
		{B2DF5D4F-4971-4170-848F-FBF978CB4C6E}.Debug R21|Any CPU.ActiveCfg = Debug|Any CPU
		{B2DF5D4F-4971-4170-848F-FBF978CB4C6E}.Debug R22|Any CPU.ActiveCfg = Debug|Any CPU
		{B2DF5D4F-4971-4170-848F-FBF978CB4C6E}.Debug R23|Any CPU.ActiveCfg = Debug|Any CPU
		{B2DF5D4F-4971-4170-848F-FBF978CB4C6E}.Debug R24|Any CPU.ActiveCfg = Debug|Any CPU
		{B2DF5D4F-4971-4170-848F-FBF978CB4C6E}.Debug R25|Any CPU.ActiveCfg = Debug R25|Any CPU
		{B2DF5D4F-4971-4170-848F-FBF978CB4C6E}.Debug|Any CPU.ActiveCfg = Debug|Any CPU
		{B2DF5D4F-4971-4170-848F-FBF978CB4C6E}.Debug|Any CPU.Build.0 = Debug|Any CPU
		{B2DF5D4F-4971-4170-848F-FBF978CB4C6E}.Installer|Any CPU.ActiveCfg = Release|Any CPU
		{B2DF5D4F-4971-4170-848F-FBF978CB4C6E}.Release R18|Any CPU.ActiveCfg = Release|Any CPU
		{B2DF5D4F-4971-4170-848F-FBF978CB4C6E}.Release R18|Any CPU.Build.0 = Release|Any CPU
		{B2DF5D4F-4971-4170-848F-FBF978CB4C6E}.Release R19|Any CPU.ActiveCfg = Release|Any CPU
		{B2DF5D4F-4971-4170-848F-FBF978CB4C6E}.Release R19|Any CPU.Build.0 = Release|Any CPU
		{B2DF5D4F-4971-4170-848F-FBF978CB4C6E}.Release R20|Any CPU.ActiveCfg = Release|Any CPU
		{B2DF5D4F-4971-4170-848F-FBF978CB4C6E}.Release R21|Any CPU.ActiveCfg = Release|Any CPU
		{B2DF5D4F-4971-4170-848F-FBF978CB4C6E}.Release R22|Any CPU.ActiveCfg = Release|Any CPU
		{B2DF5D4F-4971-4170-848F-FBF978CB4C6E}.Release R23|Any CPU.ActiveCfg = Release|Any CPU
		{B2DF5D4F-4971-4170-848F-FBF978CB4C6E}.Release R24|Any CPU.ActiveCfg = Release|Any CPU
		{B2DF5D4F-4971-4170-848F-FBF978CB4C6E}.Release R25|Any CPU.ActiveCfg = Release R25|Any CPU
		{B2DF5D4F-4971-4170-848F-FBF978CB4C6E}.Release|Any CPU.ActiveCfg = Release|Any CPU
		{B2DF5D4F-4971-4170-848F-FBF978CB4C6E}.Release|Any CPU.Build.0 = Release|Any CPU
		{D20D7F25-D00A-4341-8E77-0017142B6BA7}.Debug R18|Any CPU.ActiveCfg = Debug|Any CPU
		{D20D7F25-D00A-4341-8E77-0017142B6BA7}.Debug R18|Any CPU.Build.0 = Debug|Any CPU
		{D20D7F25-D00A-4341-8E77-0017142B6BA7}.Debug R19|Any CPU.ActiveCfg = Debug|Any CPU
		{D20D7F25-D00A-4341-8E77-0017142B6BA7}.Debug R19|Any CPU.Build.0 = Debug|Any CPU
		{D20D7F25-D00A-4341-8E77-0017142B6BA7}.Debug R20|Any CPU.ActiveCfg = Debug|Any CPU
		{D20D7F25-D00A-4341-8E77-0017142B6BA7}.Debug R21|Any CPU.ActiveCfg = Debug|Any CPU
		{D20D7F25-D00A-4341-8E77-0017142B6BA7}.Debug R22|Any CPU.ActiveCfg = Debug|Any CPU
		{D20D7F25-D00A-4341-8E77-0017142B6BA7}.Debug R23|Any CPU.ActiveCfg = Debug|Any CPU
		{D20D7F25-D00A-4341-8E77-0017142B6BA7}.Debug R24|Any CPU.ActiveCfg = Debug|Any CPU
		{D20D7F25-D00A-4341-8E77-0017142B6BA7}.Debug R25|Any CPU.ActiveCfg = Debug R25|Any CPU
		{D20D7F25-D00A-4341-8E77-0017142B6BA7}.Debug|Any CPU.ActiveCfg = Debug|Any CPU
		{D20D7F25-D00A-4341-8E77-0017142B6BA7}.Debug|Any CPU.Build.0 = Debug|Any CPU
		{D20D7F25-D00A-4341-8E77-0017142B6BA7}.Installer|Any CPU.ActiveCfg = Release|Any CPU
		{D20D7F25-D00A-4341-8E77-0017142B6BA7}.Installer|Any CPU.Build.0 = Release|Any CPU
		{D20D7F25-D00A-4341-8E77-0017142B6BA7}.Release R18|Any CPU.ActiveCfg = Release|Any CPU
		{D20D7F25-D00A-4341-8E77-0017142B6BA7}.Release R18|Any CPU.Build.0 = Release|Any CPU
		{D20D7F25-D00A-4341-8E77-0017142B6BA7}.Release R19|Any CPU.ActiveCfg = Release|Any CPU
		{D20D7F25-D00A-4341-8E77-0017142B6BA7}.Release R19|Any CPU.Build.0 = Release|Any CPU
		{D20D7F25-D00A-4341-8E77-0017142B6BA7}.Release R20|Any CPU.ActiveCfg = Release|Any CPU
		{D20D7F25-D00A-4341-8E77-0017142B6BA7}.Release R21|Any CPU.ActiveCfg = Release|Any CPU
		{D20D7F25-D00A-4341-8E77-0017142B6BA7}.Release R22|Any CPU.ActiveCfg = Release|Any CPU
		{D20D7F25-D00A-4341-8E77-0017142B6BA7}.Release R23|Any CPU.ActiveCfg = Release|Any CPU
		{D20D7F25-D00A-4341-8E77-0017142B6BA7}.Release R24|Any CPU.ActiveCfg = Release|Any CPU
		{D20D7F25-D00A-4341-8E77-0017142B6BA7}.Release R25|Any CPU.ActiveCfg = Release R25|Any CPU
		{D20D7F25-D00A-4341-8E77-0017142B6BA7}.Release|Any CPU.ActiveCfg = Release|Any CPU
		{D20D7F25-D00A-4341-8E77-0017142B6BA7}.Release|Any CPU.Build.0 = Release|Any CPU
		{2D24C03E-D2DB-4939-BFA0-417261597962}.Debug R18|Any CPU.ActiveCfg = Debug R18|Any CPU
		{2D24C03E-D2DB-4939-BFA0-417261597962}.Debug R18|Any CPU.Build.0 = Debug R18|Any CPU
		{2D24C03E-D2DB-4939-BFA0-417261597962}.Debug R19|Any CPU.ActiveCfg = Debug R19|Any CPU
		{2D24C03E-D2DB-4939-BFA0-417261597962}.Debug R19|Any CPU.Build.0 = Debug R19|Any CPU
		{2D24C03E-D2DB-4939-BFA0-417261597962}.Debug R20|Any CPU.ActiveCfg = Debug R20|Any CPU
		{2D24C03E-D2DB-4939-BFA0-417261597962}.Debug R20|Any CPU.Build.0 = Debug R20|Any CPU
		{2D24C03E-D2DB-4939-BFA0-417261597962}.Debug R21|Any CPU.ActiveCfg = Debug R21|Any CPU
		{2D24C03E-D2DB-4939-BFA0-417261597962}.Debug R21|Any CPU.Build.0 = Debug R21|Any CPU
		{2D24C03E-D2DB-4939-BFA0-417261597962}.Debug R22|Any CPU.ActiveCfg = Debug R22|Any CPU
		{2D24C03E-D2DB-4939-BFA0-417261597962}.Debug R22|Any CPU.Build.0 = Debug R22|Any CPU
		{2D24C03E-D2DB-4939-BFA0-417261597962}.Debug R23|Any CPU.ActiveCfg = Debug R23|Any CPU
		{2D24C03E-D2DB-4939-BFA0-417261597962}.Debug R23|Any CPU.Build.0 = Debug R23|Any CPU
		{2D24C03E-D2DB-4939-BFA0-417261597962}.Debug R24|Any CPU.ActiveCfg = Debug R24|Any CPU
		{2D24C03E-D2DB-4939-BFA0-417261597962}.Debug R24|Any CPU.Build.0 = Debug R24|Any CPU
		{2D24C03E-D2DB-4939-BFA0-417261597962}.Debug R25|Any CPU.ActiveCfg = Debug R25|Any CPU
		{2D24C03E-D2DB-4939-BFA0-417261597962}.Debug R25|Any CPU.Build.0 = Debug R25|Any CPU
		{2D24C03E-D2DB-4939-BFA0-417261597962}.Debug|Any CPU.ActiveCfg = Debug R18|Any CPU
		{2D24C03E-D2DB-4939-BFA0-417261597962}.Debug|Any CPU.Build.0 = Debug R18|Any CPU
		{2D24C03E-D2DB-4939-BFA0-417261597962}.Installer|Any CPU.ActiveCfg = Debug R18|Any CPU
		{2D24C03E-D2DB-4939-BFA0-417261597962}.Installer|Any CPU.Build.0 = Debug R18|Any CPU
		{2D24C03E-D2DB-4939-BFA0-417261597962}.Release R18|Any CPU.ActiveCfg = Release R18|Any CPU
		{2D24C03E-D2DB-4939-BFA0-417261597962}.Release R18|Any CPU.Build.0 = Release R18|Any CPU
		{2D24C03E-D2DB-4939-BFA0-417261597962}.Release R19|Any CPU.ActiveCfg = Release R19|Any CPU
		{2D24C03E-D2DB-4939-BFA0-417261597962}.Release R19|Any CPU.Build.0 = Release R19|Any CPU
		{2D24C03E-D2DB-4939-BFA0-417261597962}.Release R20|Any CPU.ActiveCfg = Release R20|Any CPU
		{2D24C03E-D2DB-4939-BFA0-417261597962}.Release R20|Any CPU.Build.0 = Release R20|Any CPU
		{2D24C03E-D2DB-4939-BFA0-417261597962}.Release R21|Any CPU.ActiveCfg = Release R21|Any CPU
		{2D24C03E-D2DB-4939-BFA0-417261597962}.Release R21|Any CPU.Build.0 = Release R21|Any CPU
		{2D24C03E-D2DB-4939-BFA0-417261597962}.Release R22|Any CPU.ActiveCfg = Release R22|Any CPU
		{2D24C03E-D2DB-4939-BFA0-417261597962}.Release R22|Any CPU.Build.0 = Release R22|Any CPU
		{2D24C03E-D2DB-4939-BFA0-417261597962}.Release R23|Any CPU.ActiveCfg = Release R23|Any CPU
		{2D24C03E-D2DB-4939-BFA0-417261597962}.Release R23|Any CPU.Build.0 = Release R23|Any CPU
		{2D24C03E-D2DB-4939-BFA0-417261597962}.Release R24|Any CPU.ActiveCfg = Release R24|Any CPU
		{2D24C03E-D2DB-4939-BFA0-417261597962}.Release R24|Any CPU.Build.0 = Release R24|Any CPU
		{2D24C03E-D2DB-4939-BFA0-417261597962}.Release R25|Any CPU.ActiveCfg = Release R25|Any CPU
		{2D24C03E-D2DB-4939-BFA0-417261597962}.Release R25|Any CPU.Build.0 = Release R25|Any CPU
		{2D24C03E-D2DB-4939-BFA0-417261597962}.Release|Any CPU.ActiveCfg = Release R18|Any CPU
		{2D24C03E-D2DB-4939-BFA0-417261597962}.Release|Any CPU.Build.0 = Release R18|Any CPU
	EndGlobalSection
	GlobalSection(SolutionProperties) = preSolution
		HideSolutionNode = FALSE
	EndGlobalSection
	GlobalSection(NestedProjects) = preSolution
		{2D24C03E-D2DB-4939-BFA0-417261597962} = {B908C484-0E9C-46A6-AF0B-A6228D17C641}
	EndGlobalSection
	GlobalSection(ExtensibilityGlobals) = postSolution
		SolutionGuid = {095BC846-320F-4D96-8F67-CC51C6CAD0E2}
	EndGlobalSection
EndGlobal
